
Microsoft Visual Studio Solution File, Format Version 12.00
# Visual Studio 15
VisualStudioVersion = 15.0.28307.705
MinimumVisualStudioVersion = 10.0.40219.1
Project("{FAE04EC0-301F-11D3-BF4B-00C04F79EFBC}") = "Mo.AttrHelper", "Mo.AttrHelper\Mo.AttrHelper.csproj", "{C3C5398C-986F-4F4E-AD30-6B69521A0538}"
EndProject
Global
	GlobalSection(SolutionConfigurationPlatforms) = preSolution
		Debug|Any CPU = Debug|Any CPU
		Release|Any CPU = Release|Any CPU
	EndGlobalSection
	GlobalSection(ProjectConfigurationPlatforms) = postSolution
		{C3C5398C-986F-4F4E-AD30-6B69521A0538}.Debug|Any CPU.ActiveCfg = Debug|Any CPU
		{C3C5398C-986F-4F4E-AD30-6B69521A0538}.Debug|Any CPU.Build.0 = Debug|Any CPU
		{C3C5398C-986F-4F4E-AD30-6B69521A0538}.Release|Any CPU.ActiveCfg = Release|Any CPU
		{C3C5398C-986F-4F4E-AD30-6B69521A0538}.Release|Any CPU.Build.0 = Release|Any CPU
	EndGlobalSection
	GlobalSection(SolutionProperties) = preSolution
		HideSolutionNode = FALSE
	EndGlobalSection
	GlobalSection(ExtensibilityGlobals) = postSolution
		SolutionGuid = {20BD61AC-3CE4-4293-B54D-8842384CB8E8}
	EndGlobalSection
EndGlobal
